// !$*UTF8*$!
{
	archiveVersion = 1;
	classes = {
	};
	objectVersion = 48;
	objects = {

/* Begin PBXBuildFile section */
		2A0A11CA204DC73700BE1568 /* AppDelegate.swift in Sources */ = {isa = PBXBuildFile; fileRef = 2A0A11C9204DC73700BE1568 /* AppDelegate.swift */; };
		2A0A11CF204DC73700BE1568 /* Main.storyboard in Resources */ = {isa = PBXBuildFile; fileRef = 2A0A11CD204DC73700BE1568 /* Main.storyboard */; };
		2A0A11D1204DC73700BE1568 /* Assets.xcassets in Resources */ = {isa = PBXBuildFile; fileRef = 2A0A11D0204DC73700BE1568 /* Assets.xcassets */; };
		2A0A11D4204DC73700BE1568 /* LaunchScreen.storyboard in Resources */ = {isa = PBXBuildFile; fileRef = 2A0A11D2204DC73700BE1568 /* LaunchScreen.storyboard */; };
		2A0A11DF204DC73700BE1568 /* TinderTests.swift in Sources */ = {isa = PBXBuildFile; fileRef = 2A0A11DE204DC73700BE1568 /* TinderTests.swift */; };
		2A0A11EA204DC73700BE1568 /* TinderUITests.swift in Sources */ = {isa = PBXBuildFile; fileRef = 2A0A11E9204DC73700BE1568 /* TinderUITests.swift */; };
		2A0A11FC204E09CF00BE1568 /* CardsViewController.swift in Sources */ = {isa = PBXBuildFile; fileRef = 2A0A11FB204E09CF00BE1568 /* CardsViewController.swift */; };
		2A0A11FE204E402300BE1568 /* ProfileViewController.swift in Sources */ = {isa = PBXBuildFile; fileRef = 2A0A11FD204E402300BE1568 /* ProfileViewController.swift */; };
/* End PBXBuildFile section */

/* Begin PBXContainerItemProxy section */
		2A0A11DB204DC73700BE1568 /* PBXContainerItemProxy */ = {
			isa = PBXContainerItemProxy;
			containerPortal = 2A0A11BE204DC73700BE1568 /* Project object */;
			proxyType = 1;
			remoteGlobalIDString = 2A0A11C5204DC73700BE1568;
			remoteInfo = Tinder;
		};
		2A0A11E6204DC73700BE1568 /* PBXContainerItemProxy */ = {
			isa = PBXContainerItemProxy;
			containerPortal = 2A0A11BE204DC73700BE1568 /* Project object */;
			proxyType = 1;
			remoteGlobalIDString = 2A0A11C5204DC73700BE1568;
			remoteInfo = Tinder;
		};
/* End PBXContainerItemProxy section */

/* Begin PBXFileReference section */
		2A0A11C6204DC73700BE1568 /* Tinder.app */ = {isa = PBXFileReference; explicitFileType = wrapper.application; includeInIndex = 0; path = Tinder.app; sourceTree = BUILT_PRODUCTS_DIR; };
		2A0A11C9204DC73700BE1568 /* AppDelegate.swift */ = {isa = PBXFileReference; lastKnownFileType = sourcecode.swift; path = AppDelegate.swift; sourceTree = "<group>"; };
		2A0A11CE204DC73700BE1568 /* Base */ = {isa = PBXFileReference; lastKnownFileType = file.storyboard; name = Base; path = Base.lproj/Main.storyboard; sourceTree = "<group>"; };
		2A0A11D0204DC73700BE1568 /* Assets.xcassets */ = {isa = PBXFileReference; lastKnownFileType = folder.assetcatalog; path = Assets.xcassets; sourceTree = "<group>"; };
		2A0A11D3204DC73700BE1568 /* Base */ = {isa = PBXFileReference; lastKnownFileType = file.storyboard; name = Base; path = Base.lproj/LaunchScreen.storyboard; sourceTree = "<group>"; };
		2A0A11D5204DC73700BE1568 /* Info.plist */ = {isa = PBXFileReference; lastKnownFileType = text.plist.xml; path = Info.plist; sourceTree = "<group>"; };
		2A0A11DA204DC73700BE1568 /* TinderTests.xctest */ = {isa = PBXFileReference; explicitFileType = wrapper.cfbundle; includeInIndex = 0; path = TinderTests.xctest; sourceTree = BUILT_PRODUCTS_DIR; };
		2A0A11DE204DC73700BE1568 /* TinderTests.swift */ = {isa = PBXFileReference; lastKnownFileType = sourcecode.swift; path = TinderTests.swift; sourceTree = "<group>"; };
		2A0A11E0204DC73700BE1568 /* Info.plist */ = {isa = PBXFileReference; lastKnownFileType = text.plist.xml; path = Info.plist; sourceTree = "<group>"; };
		2A0A11E5204DC73700BE1568 /* TinderUITests.xctest */ = {isa = PBXFileReference; explicitFileType = wrapper.cfbundle; includeInIndex = 0; path = TinderUITests.xctest; sourceTree = BUILT_PRODUCTS_DIR; };
		2A0A11E9204DC73700BE1568 /* TinderUITests.swift */ = {isa = PBXFileReference; lastKnownFileType = sourcecode.swift; path = TinderUITests.swift; sourceTree = "<group>"; };
		2A0A11EB204DC73700BE1568 /* Info.plist */ = {isa = PBXFileReference; lastKnownFileType = text.plist.xml; path = Info.plist; sourceTree = "<group>"; };
		2A0A11FB204E09CF00BE1568 /* CardsViewController.swift */ = {isa = PBXFileReference; lastKnownFileType = sourcecode.swift; path = CardsViewController.swift; sourceTree = "<group>"; };
		2A0A11FD204E402300BE1568 /* ProfileViewController.swift */ = {isa = PBXFileReference; lastKnownFileType = sourcecode.swift; path = ProfileViewController.swift; sourceTree = "<group>"; };
/* End PBXFileReference section */

/* Begin PBXFrameworksBuildPhase section */
		2A0A11C3204DC73700BE1568 /* Frameworks */ = {
			isa = PBXFrameworksBuildPhase;
			buildActionMask = 2147483647;
			files = (
			);
			runOnlyForDeploymentPostprocessing = 0;
		};
		2A0A11D7204DC73700BE1568 /* Frameworks */ = {
			isa = PBXFrameworksBuildPhase;
			buildActionMask = 2147483647;
			files = (
			);
			runOnlyForDeploymentPostprocessing = 0;
		};
		2A0A11E2204DC73700BE1568 /* Frameworks */ = {
			isa = PBXFrameworksBuildPhase;
			buildActionMask = 2147483647;
			files = (
			);
			runOnlyForDeploymentPostprocessing = 0;
		};
/* End PBXFrameworksBuildPhase section */

/* Begin PBXGroup section */
		2A0A11BD204DC73700BE1568 = {
			isa = PBXGroup;
			children = (
				2A0A11C8204DC73700BE1568 /* Tinder */,
				2A0A11DD204DC73700BE1568 /* TinderTests */,
				2A0A11E8204DC73700BE1568 /* TinderUITests */,
				2A0A11C7204DC73700BE1568 /* Products */,
			);
			sourceTree = "<group>";
		};
		2A0A11C7204DC73700BE1568 /* Products */ = {
			isa = PBXGroup;
			children = (
				2A0A11C6204DC73700BE1568 /* Tinder.app */,
				2A0A11DA204DC73700BE1568 /* TinderTests.xctest */,
				2A0A11E5204DC73700BE1568 /* TinderUITests.xctest */,
			);
			name = Products;
			sourceTree = "<group>";
		};
		2A0A11C8204DC73700BE1568 /* Tinder */ = {
			isa = PBXGroup;
			children = (
				2A0A11C9204DC73700BE1568 /* AppDelegate.swift */,
				2A0A11CD204DC73700BE1568 /* Main.storyboard */,
				2A0A11D0204DC73700BE1568 /* Assets.xcassets */,
				2A0A11D2204DC73700BE1568 /* LaunchScreen.storyboard */,
				2A0A11D5204DC73700BE1568 /* Info.plist */,
				2A0A11FB204E09CF00BE1568 /* CardsViewController.swift */,
				2A0A11FD204E402300BE1568 /* ProfileViewController.swift */,
			);
			path = Tinder;
			sourceTree = "<group>";
		};
		2A0A11DD204DC73700BE1568 /* TinderTests */ = {
			isa = PBXGroup;
			children = (
				2A0A11DE204DC73700BE1568 /* TinderTests.swift */,
				2A0A11E0204DC73700BE1568 /* Info.plist */,
			);
			path = TinderTests;
			sourceTree = "<group>";
		};
		2A0A11E8204DC73700BE1568 /* TinderUITests */ = {
			isa = PBXGroup;
			children = (
				2A0A11E9204DC73700BE1568 /* TinderUITests.swift */,
				2A0A11EB204DC73700BE1568 /* Info.plist */,
			);
			path = TinderUITests;
			sourceTree = "<group>";
		};
/* End PBXGroup section */

/* Begin PBXNativeTarget section */
		2A0A11C5204DC73700BE1568 /* Tinder */ = {
			isa = PBXNativeTarget;
			buildConfigurationList = 2A0A11EE204DC73700BE1568 /* Build configuration list for PBXNativeTarget "Tinder" */;
			buildPhases = (
				2A0A11C2204DC73700BE1568 /* Sources */,
				2A0A11C3204DC73700BE1568 /* Frameworks */,
				2A0A11C4204DC73700BE1568 /* Resources */,
			);
			buildRules = (
			);
			dependencies = (
			);
			name = Tinder;
			productName = Tinder;
			productReference = 2A0A11C6204DC73700BE1568 /* Tinder.app */;
			productType = "com.apple.product-type.application";
		};
		2A0A11D9204DC73700BE1568 /* TinderTests */ = {
			isa = PBXNativeTarget;
			buildConfigurationList = 2A0A11F1204DC73700BE1568 /* Build configuration list for PBXNativeTarget "TinderTests" */;
			buildPhases = (
				2A0A11D6204DC73700BE1568 /* Sources */,
				2A0A11D7204DC73700BE1568 /* Frameworks */,
				2A0A11D8204DC73700BE1568 /* Resources */,
			);
			buildRules = (
			);
			dependencies = (
				2A0A11DC204DC73700BE1568 /* PBXTargetDependency */,
			);
			name = TinderTests;
			productName = TinderTests;
			productReference = 2A0A11DA204DC73700BE1568 /* TinderTests.xctest */;
			productType = "com.apple.product-type.bundle.unit-test";
		};
		2A0A11E4204DC73700BE1568 /* TinderUITests */ = {
			isa = PBXNativeTarget;
			buildConfigurationList = 2A0A11F4204DC73700BE1568 /* Build configuration list for PBXNativeTarget "TinderUITests" */;
			buildPhases = (
				2A0A11E1204DC73700BE1568 /* Sources */,
				2A0A11E2204DC73700BE1568 /* Frameworks */,
				2A0A11E3204DC73700BE1568 /* Resources */,
			);
			buildRules = (
			);
			dependencies = (
				2A0A11E7204DC73700BE1568 /* PBXTargetDependency */,
			);
			name = TinderUITests;
			productName = TinderUITests;
			productReference = 2A0A11E5204DC73700BE1568 /* TinderUITests.xctest */;
			productType = "com.apple.product-type.bundle.ui-testing";
		};
/* End PBXNativeTarget section */

/* Begin PBXProject section */
		2A0A11BE204DC73700BE1568 /* Project object */ = {
			isa = PBXProject;
			attributes = {
				LastSwiftUpdateCheck = 0920;
				LastUpgradeCheck = 0920;
				ORGANIZATIONNAME = "Jonathan Du";
				TargetAttributes = {
					2A0A11C5204DC73700BE1568 = {
						CreatedOnToolsVersion = 9.2;
						ProvisioningStyle = Automatic;
					};
					2A0A11D9204DC73700BE1568 = {
						CreatedOnToolsVersion = 9.2;
						ProvisioningStyle = Automatic;
						TestTargetID = 2A0A11C5204DC73700BE1568;
					};
					2A0A11E4204DC73700BE1568 = {
						CreatedOnToolsVersion = 9.2;
						ProvisioningStyle = Automatic;
						TestTargetID = 2A0A11C5204DC73700BE1568;
					};
				};
			};
			buildConfigurationList = 2A0A11C1204DC73700BE1568 /* Build configuration list for PBXProject "Tinder" */;
			compatibilityVersion = "Xcode 8.0";
			developmentRegion = en;
			hasScannedForEncodings = 0;
			knownRegions = (
				en,
				Base,
			);
			mainGroup = 2A0A11BD204DC73700BE1568;
			productRefGroup = 2A0A11C7204DC73700BE1568 /* Products */;
			projectDirPath = "";
			projectRoot = "";
			targets = (
				2A0A11C5204DC73700BE1568 /* Tinder */,
				2A0A11D9204DC73700BE1568 /* TinderTests */,
				2A0A11E4204DC73700BE1568 /* TinderUITests */,
			);
		};
/* End PBXProject section */

/* Begin PBXResourcesBuildPhase section */
		2A0A11C4204DC73700BE1568 /* Resources */ = {
			isa = PBXResourcesBuildPhase;
			buildActionMask = 2147483647;
			files = (
				2A0A11D4204DC73700BE1568 /* LaunchScreen.storyboard in Resources */,
				2A0A11D1204DC73700BE1568 /* Assets.xcassets in Resources */,
				2A0A11CF204DC73700BE1568 /* Main.storyboard in Resources */,
			);
			runOnlyForDeploymentPostprocessing = 0;
		};
		2A0A11D8204DC73700BE1568 /* Resources */ = {
			isa = PBXResourcesBuildPhase;
			buildActionMask = 2147483647;
			files = (
			);
			runOnlyForDeploymentPostprocessing = 0;
		};
		2A0A11E3204DC73700BE1568 /* Resources */ = {
			isa = PBXResourcesBuildPhase;
			buildActionMask = 2147483647;
			files = (
			);
			runOnlyForDeploymentPostprocessing = 0;
		};
/* End PBXResourcesBuildPhase section */

/* Begin PBXSourcesBuildPhase section */
		2A0A11C2204DC73700BE1568 /* Sources */ = {
			isa = PBXSourcesBuildPhase;
			buildActionMask = 2147483647;
			files = (
				2A0A11FE204E402300BE1568 /* ProfileViewController.swift in Sources */,
				2A0A11FC204E09CF00BE1568 /* CardsViewController.swift in Sources */,
				2A0A11CA204DC73700BE1568 /* AppDelegate.swift in Sources */,
			);
			runOnlyForDeploymentPostprocessing = 0;
		};
		2A0A11D6204DC73700BE1568 /* Sources */ = {
			isa = PBXSourcesBuildPhase;
			buildActionMask = 2147483647;
			files = (
				2A0A11DF204DC73700BE1568 /* TinderTests.swift in Sources */,
			);
			runOnlyForDeploymentPostprocessing = 0;
		};
		2A0A11E1204DC73700BE1568 /* Sources */ = {
			isa = PBXSourcesBuildPhase;
			buildActionMask = 2147483647;
			files = (
				2A0A11EA204DC73700BE1568 /* TinderUITests.swift in Sources */,
			);
			runOnlyForDeploymentPostprocessing = 0;
		};
/* End PBXSourcesBuildPhase section */

/* Begin PBXTargetDependency section */
		2A0A11DC204DC73700BE1568 /* PBXTargetDependency */ = {
			isa = PBXTargetDependency;
			target = 2A0A11C5204DC73700BE1568 /* Tinder */;
			targetProxy = 2A0A11DB204DC73700BE1568 /* PBXContainerItemProxy */;
		};
		2A0A11E7204DC73700BE1568 /* PBXTargetDependency */ = {
			isa = PBXTargetDependency;
			target = 2A0A11C5204DC73700BE1568 /* Tinder */;
			targetProxy = 2A0A11E6204DC73700BE1568 /* PBXContainerItemProxy */;
		};
/* End PBXTargetDependency section */

/* Begin PBXVariantGroup section */
		2A0A11CD204DC73700BE1568 /* Main.storyboard */ = {
			isa = PBXVariantGroup;
			children = (
				2A0A11CE204DC73700BE1568 /* Base */,
			);
			name = Main.storyboard;
			sourceTree = "<group>";
		};
		2A0A11D2204DC73700BE1568 /* LaunchScreen.storyboard */ = {
			isa = PBXVariantGroup;
			children = (
				2A0A11D3204DC73700BE1568 /* Base */,
			);
			name = LaunchScreen.storyboard;
			sourceTree = "<group>";
		};
/* End PBXVariantGroup section */

/* Begin XCBuildConfiguration section */
		2A0A11EC204DC73700BE1568 /* Debug */ = {
			isa = XCBuildConfiguration;
			buildSettings = {
				ALWAYS_SEARCH_USER_PATHS = NO;
				CLANG_ANALYZER_NONNULL = YES;
				CLANG_ANALYZER_NUMBER_OBJECT_CONVERSION = YES_AGGRESSIVE;
				CLANG_CXX_LANGUAGE_STANDARD = "gnu++14";
				CLANG_CXX_LIBRARY = "libc++";
				CLANG_ENABLE_MODULES = YES;
				CLANG_ENABLE_OBJC_ARC = YES;
				CLANG_WARN_BLOCK_CAPTURE_AUTORELEASING = YES;
				CLANG_WARN_BOOL_CONVERSION = YES;
				CLANG_WARN_COMMA = YES;
				CLANG_WARN_CONSTANT_CONVERSION = YES;
				CLANG_WARN_DIRECT_OBJC_ISA_USAGE = YES_ERROR;
				CLANG_WARN_DOCUMENTATION_COMMENTS = YES;
				CLANG_WARN_EMPTY_BODY = YES;
				CLANG_WARN_ENUM_CONVERSION = YES;
				CLANG_WARN_INFINITE_RECURSION = YES;
				CLANG_WARN_INT_CONVERSION = YES;
				CLANG_WARN_NON_LITERAL_NULL_CONVERSION = YES;
				CLANG_WARN_OBJC_LITERAL_CONVERSION = YES;
				CLANG_WARN_OBJC_ROOT_CLASS = YES_ERROR;
				CLANG_WARN_RANGE_LOOP_ANALYSIS = YES;
				CLANG_WARN_STRICT_PROTOTYPES = YES;
				CLANG_WARN_SUSPICIOUS_MOVE = YES;
				CLANG_WARN_UNGUARDED_AVAILABILITY = YES_AGGRESSIVE;
				CLANG_WARN_UNREACHABLE_CODE = YES;
				CLANG_WARN__DUPLICATE_METHOD_MATCH = YES;
				CODE_SIGN_IDENTITY = "iPhone Developer";
				COPY_PHASE_STRIP = NO;
				DEBUG_INFORMATION_FORMAT = dwarf;
				ENABLE_STRICT_OBJC_MSGSEND = YES;
				ENABLE_TESTABILITY = YES;
				GCC_C_LANGUAGE_STANDARD = gnu11;
				GCC_DYNAMIC_NO_PIC = NO;
				GCC_NO_COMMON_BLOCKS = YES;
				GCC_OPTIMIZATION_LEVEL = 0;
				GCC_PREPROCESSOR_DEFINITIONS = (
					"DEBUG=1",
					"$(inherited)",
				);
				GCC_WARN_64_TO_32_BIT_CONVERSION = YES;
				GCC_WARN_ABOUT_RETURN_TYPE = YES_ERROR;
				GCC_WARN_UNDECLARED_SELECTOR = YES;
				GCC_WARN_UNINITIALIZED_AUTOS = YES_AGGRESSIVE;
				GCC_WARN_UNUSED_FUNCTION = YES;
				GCC_WARN_UNUSED_VARIABLE = YES;
				IPHONEOS_DEPLOYMENT_TARGET = 11.2;
				MTL_ENABLE_DEBUG_INFO = YES;
				ONLY_ACTIVE_ARCH = YES;
				SDKROOT = iphoneos;
				SWIFT_ACTIVE_COMPILATION_CONDITIONS = DEBUG;
				SWIFT_OPTIMIZATION_LEVEL = "-Onone";
			};
			name = Debug;
		};
		2A0A11ED204DC73700BE1568 /* Release */ = {
			isa = XCBuildConfiguration;
			buildSettings = {
				ALWAYS_SEARCH_USER_PATHS = NO;
				CLANG_ANALYZER_NONNULL = YES;
				CLANG_ANALYZER_NUMBER_OBJECT_CONVERSION = YES_AGGRESSIVE;
				CLANG_CXX_LANGUAGE_STANDARD = "gnu++14";
				CLANG_CXX_LIBRARY = "libc++";
				CLANG_ENABLE_MODULES = YES;
				CLANG_ENABLE_OBJC_ARC = YES;
				CLANG_WARN_BLOCK_CAPTURE_AUTORELEASING = YES;
				CLANG_WARN_BOOL_CONVERSION = YES;
				CLANG_WARN_COMMA = YES;
				CLANG_WARN_CONSTANT_CONVERSION = YES;
				CLANG_WARN_DIRECT_OBJC_ISA_USAGE = YES_ERROR;
				CLANG_WARN_DOCUMENTATION_COMMENTS = YES;
				CLANG_WARN_EMPTY_BODY = YES;
				CLANG_WARN_ENUM_CONVERSION = YES;
				CLANG_WARN_INFINITE_RECURSION = YES;
				CLANG_WARN_INT_CONVERSION = YES;
				CLANG_WARN_NON_LITERAL_NULL_CONVERSION = YES;
				CLANG_WARN_OBJC_LITERAL_CONVERSION = YES;
				CLANG_WARN_OBJC_ROOT_CLASS = YES_ERROR;
				CLANG_WARN_RANGE_LOOP_ANALYSIS = YES;
				CLANG_WARN_STRICT_PROTOTYPES = YES;
				CLANG_WARN_SUSPICIOUS_MOVE = YES;
				CLANG_WARN_UNGUARDED_AVAILABILITY = YES_AGGRESSIVE;
				CLANG_WARN_UNREACHABLE_CODE = YES;
				CLANG_WARN__DUPLICATE_METHOD_MATCH = YES;
				CODE_SIGN_IDENTITY = "iPhone Developer";
				COPY_PHASE_STRIP = NO;
				DEBUG_INFORMATION_FORMAT = "dwarf-with-dsym";
				ENABLE_NS_ASSERTIONS = NO;
				ENABLE_STRICT_OBJC_MSGSEND = YES;
				GCC_C_LANGUAGE_STANDARD = gnu11;
				GCC_NO_COMMON_BLOCKS = YES;
				GCC_WARN_64_TO_32_BIT_CONVERSION = YES;
				GCC_WARN_ABOUT_RETURN_TYPE = YES_ERROR;
				GCC_WARN_UNDECLARED_SELECTOR = YES;
				GCC_WARN_UNINITIALIZED_AUTOS = YES_AGGRESSIVE;
				GCC_WARN_UNUSED_FUNCTION = YES;
				GCC_WARN_UNUSED_VARIABLE = YES;
				IPHONEOS_DEPLOYMENT_TARGET = 11.2;
				MTL_ENABLE_DEBUG_INFO = NO;
				SDKROOT = iphoneos;
				SWIFT_OPTIMIZATION_LEVEL = "-Owholemodule";
				VALIDATE_PRODUCT = YES;
			};
			name = Release;
		};
		2A0A11EF204DC73700BE1568 /* Debug */ = {
			isa = XCBuildConfiguration;
			buildSettings = {
				ASSETCATALOG_COMPILER_APPICON_NAME = AppIcon;
				CODE_SIGN_STYLE = Automatic;
				DEVELOPMENT_TEAM = JNB44PDZFH;
				INFOPLIST_FILE = Tinder/Info.plist;
				LD_RUNPATH_SEARCH_PATHS = "$(inherited) @executable_path/Frameworks";
				PRODUCT_BUNDLE_IDENTIFIER = com.Tinder;
				PRODUCT_NAME = "$(TARGET_NAME)";
				SWIFT_VERSION = 4.0;
				TARGETED_DEVICE_FAMILY = "1,2";
			};
			name = Debug;
		};
		2A0A11F0204DC73700BE1568 /* Release */ = {
			isa = XCBuildConfiguration;
			buildSettings = {
				ASSETCATALOG_COMPILER_APPICON_NAME = AppIcon;
				CODE_SIGN_STYLE = Automatic;
				DEVELOPMENT_TEAM = JNB44PDZFH;
				INFOPLIST_FILE = Tinder/Info.plist;
				LD_RUNPATH_SEARCH_PATHS = "$(inherited) @executable_path/Frameworks";
				PRODUCT_BUNDLE_IDENTIFIER = com.Tinder;
				PRODUCT_NAME = "$(TARGET_NAME)";
				SWIFT_VERSION = 4.0;
				TARGETED_DEVICE_FAMILY = "1,2";
			};
			name = Release;
		};
		2A0A11F2204DC73700BE1568 /* Debug */ = {
			isa = XCBuildConfiguration;
			buildSettings = {
				ALWAYS_EMBED_SWIFT_STANDARD_LIBRARIES = YES;
				BUNDLE_LOADER = "$(TEST_HOST)";
				CODE_SIGN_STYLE = Automatic;
				DEVELOPMENT_TEAM = JNB44PDZFH;
				INFOPLIST_FILE = TinderTests/Info.plist;
				LD_RUNPATH_SEARCH_PATHS = "$(inherited) @executable_path/Frameworks @loader_path/Frameworks";
				PRODUCT_BUNDLE_IDENTIFIER = com.TinderTests;
				PRODUCT_NAME = "$(TARGET_NAME)";
				SWIFT_VERSION = 4.0;
				TARGETED_DEVICE_FAMILY = "1,2";
				TEST_HOST = "$(BUILT_PRODUCTS_DIR)/Tinder.app/Tinder";
			};
			name = Debug;
		};
		2A0A11F3204DC73700BE1568 /* Release */ = {
			isa = XCBuildConfiguration;
			buildSettings = {
				ALWAYS_EMBED_SWIFT_STANDARD_LIBRARIES = YES;
				BUNDLE_LOADER = "$(TEST_HOST)";
				CODE_SIGN_STYLE = Automatic;
				DEVELOPMENT_TEAM = JNB44PDZFH;
				INFOPLIST_FILE = TinderTests/Info.plist;
				LD_RUNPATH_SEARCH_PATHS = "$(inherited) @executable_path/Frameworks @loader_path/Frameworks";
				PRODUCT_BUNDLE_IDENTIFIER = com.TinderTests;
				PRODUCT_NAME = "$(TARGET_NAME)";
				SWIFT_VERSION = 4.0;
				TARGETED_DEVICE_FAMILY = "1,2";
				TEST_HOST = "$(BUILT_PRODUCTS_DIR)/Tinder.app/Tinder";
			};
			name = Release;
		};
		2A0A11F5204DC73700BE1568 /* Debug */ = {
			isa = XCBuildConfiguration;
			buildSettings = {
				ALWAYS_EMBED_SWIFT_STANDARD_LIBRARIES = YES;
				CODE_SIGN_STYLE = Automatic;
				DEVELOPMENT_TEAM = JNB44PDZFH;
				INFOPLIST_FILE = TinderUITests/Info.plist;
				LD_RUNPATH_SEARCH_PATHS = "$(inherited) @executable_path/Frameworks @loader_path/Frameworks";
				PRODUCT_BUNDLE_IDENTIFIER = com.TinderUITests;
				PRODUCT_NAME = "$(TARGET_NAME)";
				SWIFT_VERSION = 4.0;
				TARGETED_DEVICE_FAMILY = "1,2";
				TEST_TARGET_NAME = Tinder;
			};
			name = Debug;
		};
		2A0A11F6204DC73700BE1568 /* Release */ = {
			isa = XCBuildConfiguration;
			buildSettings = {
				ALWAYS_EMBED_SWIFT_STANDARD_LIBRARIES = YES;
				CODE_SIGN_STYLE = Automatic;
				DEVELOPMENT_TEAM = JNB44PDZFH;
				INFOPLIST_FILE = TinderUITests/Info.plist;
				LD_RUNPATH_SEARCH_PATHS = "$(inherited) @executable_path/Frameworks @loader_path/Frameworks";
				PRODUCT_BUNDLE_IDENTIFIER = com.TinderUITests;
				PRODUCT_NAME = "$(TARGET_NAME)";
				SWIFT_VERSION = 4.0;
				TARGETED_DEVICE_FAMILY = "1,2";
				TEST_TARGET_NAME = Tinder;
			};
			name = Release;
		};
/* End XCBuildConfiguration section */

/* Begin XCConfigurationList section */
		2A0A11C1204DC73700BE1568 /* Build configuration list for PBXProject "Tinder" */ = {
			isa = XCConfigurationList;
			buildConfigurations = (
				2A0A11EC204DC73700BE1568 /* Debug */,
				2A0A11ED204DC73700BE1568 /* Release */,
			);
			defaultConfigurationIsVisible = 0;
			defaultConfigurationName = Release;
		};
		2A0A11EE204DC73700BE1568 /* Build configuration list for PBXNativeTarget "Tinder" */ = {
			isa = XCConfigurationList;
			buildConfigurations = (
				2A0A11EF204DC73700BE1568 /* Debug */,
				2A0A11F0204DC73700BE1568 /* Release */,
			);
			defaultConfigurationIsVisible = 0;
			defaultConfigurationName = Release;
		};
		2A0A11F1204DC73700BE1568 /* Build configuration list for PBXNativeTarget "TinderTests" */ = {
			isa = XCConfigurationList;
			buildConfigurations = (
				2A0A11F2204DC73700BE1568 /* Debug */,
				2A0A11F3204DC73700BE1568 /* Release */,
			);
			defaultConfigurationIsVisible = 0;
			defaultConfigurationName = Release;
		};
		2A0A11F4204DC73700BE1568 /* Build configuration list for PBXNativeTarget "TinderUITests" */ = {
			isa = XCConfigurationList;
			buildConfigurations = (
				2A0A11F5204DC73700BE1568 /* Debug */,
				2A0A11F6204DC73700BE1568 /* Release */,
			);
			defaultConfigurationIsVisible = 0;
			defaultConfigurationName = Release;
		};
/* End XCConfigurationList section */
	};
	rootObject = 2A0A11BE204DC73700BE1568 /* Project object */;
}
